
Microsoft Visual Studio Solution File, Format Version 12.00
# Visual Studio Version 17
VisualStudioVersion = 17.8.34511.84
MinimumVisualStudioVersion = 10.0.40219.1
Project("{FAE04EC0-301F-11D3-BF4B-00C04F79EFBC}") = "FundooNotes", "FundooNotes\FundooNotes.csproj", "{9508A928-22F3-438B-ACF9-623CD63E71A4}"
EndProject
Project("{FAE04EC0-301F-11D3-BF4B-00C04F79EFBC}") = "Common_Layer", "Common_Layer\Common_Layer.csproj", "{3347CDBB-442D-4E18-867F-E659FA295E2C}"
EndProject
Project("{FAE04EC0-301F-11D3-BF4B-00C04F79EFBC}") = "Repository_Layer", "Repository_Layer\Repository_Layer.csproj", "{697117C5-0AF0-44EB-8E1F-C50713A16F9C}"
EndProject
Project("{FAE04EC0-301F-11D3-BF4B-00C04F79EFBC}") = "Manager_Layer", "Manager_Layer\Manager_Layer.csproj", "{B4A8C121-8F7F-4252-BB52-93FCD584D006}"
EndProject
Global
	GlobalSection(SolutionConfigurationPlatforms) = preSolution
		Debug|Any CPU = Debug|Any CPU
		Release|Any CPU = Release|Any CPU
	EndGlobalSection
	GlobalSection(ProjectConfigurationPlatforms) = postSolution
		{9508A928-22F3-438B-ACF9-623CD63E71A4}.Debug|Any CPU.ActiveCfg = Debug|Any CPU
		{9508A928-22F3-438B-ACF9-623CD63E71A4}.Debug|Any CPU.Build.0 = Debug|Any CPU
		{9508A928-22F3-438B-ACF9-623CD63E71A4}.Release|Any CPU.ActiveCfg = Release|Any CPU
		{9508A928-22F3-438B-ACF9-623CD63E71A4}.Release|Any CPU.Build.0 = Release|Any CPU
		{3347CDBB-442D-4E18-867F-E659FA295E2C}.Debug|Any CPU.ActiveCfg = Debug|Any CPU
		{3347CDBB-442D-4E18-867F-E659FA295E2C}.Debug|Any CPU.Build.0 = Debug|Any CPU
		{3347CDBB-442D-4E18-867F-E659FA295E2C}.Release|Any CPU.ActiveCfg = Release|Any CPU
		{3347CDBB-442D-4E18-867F-E659FA295E2C}.Release|Any CPU.Build.0 = Release|Any CPU
		{697117C5-0AF0-44EB-8E1F-C50713A16F9C}.Debug|Any CPU.ActiveCfg = Debug|Any CPU
		{697117C5-0AF0-44EB-8E1F-C50713A16F9C}.Debug|Any CPU.Build.0 = Debug|Any CPU
		{697117C5-0AF0-44EB-8E1F-C50713A16F9C}.Release|Any CPU.ActiveCfg = Release|Any CPU
		{697117C5-0AF0-44EB-8E1F-C50713A16F9C}.Release|Any CPU.Build.0 = Release|Any CPU
		{B4A8C121-8F7F-4252-BB52-93FCD584D006}.Debug|Any CPU.ActiveCfg = Debug|Any CPU
		{B4A8C121-8F7F-4252-BB52-93FCD584D006}.Debug|Any CPU.Build.0 = Debug|Any CPU
		{B4A8C121-8F7F-4252-BB52-93FCD584D006}.Release|Any CPU.ActiveCfg = Release|Any CPU
		{B4A8C121-8F7F-4252-BB52-93FCD584D006}.Release|Any CPU.Build.0 = Release|Any CPU
	EndGlobalSection
	GlobalSection(SolutionProperties) = preSolution
		HideSolutionNode = FALSE
	EndGlobalSection
	GlobalSection(ExtensibilityGlobals) = postSolution
		SolutionGuid = {AFE7BBC3-7494-40AA-84B0-9A33D46D1B4A}
	EndGlobalSection
EndGlobal
